
Microsoft Visual Studio Solution File, Format Version 12.00
# Visual Studio Version 17
VisualStudioVersion = 17.13.35806.99 d17.13
MinimumVisualStudioVersion = 10.0.40219.1
Project("{FAE04EC0-301F-11D3-BF4B-00C04F79EFBC}") = "UI", "UI.csproj", "{66FA56D7-B755-4C74-9ED4-300748734F43}"
EndProject
Project("{FAE04EC0-301F-11D3-BF4B-00C04F79EFBC}") = "Service", "..\Service\Service.csproj", "{AFD018BD-1382-4116-B4E1-B33EBB0A052A}"
EndProject
Project("{2150E333-8FDC-42A3-9474-1A3956D46DE8}") = "Solution Items", "Solution Items", "{8EC462FD-D22E-90A8-E5CE-7E832BA40C5D}"
	ProjectSection(SolutionItems) = preProject
		tables.sql = tables.sql
	EndProjectSection
EndProject
Project("{FAE04EC0-301F-11D3-BF4B-00C04F79EFBC}") = "Domain", "..\Domain\Domain.csproj", "{E18E9389-C662-4F44-AA34-EFB7D1DF84D3}"
EndProject
Global
	GlobalSection(SolutionConfigurationPlatforms) = preSolution
		Debug|Any CPU = Debug|Any CPU
		Release|Any CPU = Release|Any CPU
	EndGlobalSection
	GlobalSection(ProjectConfigurationPlatforms) = postSolution
		{66FA56D7-B755-4C74-9ED4-300748734F43}.Debug|Any CPU.ActiveCfg = Debug|Any CPU
		{66FA56D7-B755-4C74-9ED4-300748734F43}.Debug|Any CPU.Build.0 = Debug|Any CPU
		{66FA56D7-B755-4C74-9ED4-300748734F43}.Release|Any CPU.ActiveCfg = Release|Any CPU
		{66FA56D7-B755-4C74-9ED4-300748734F43}.Release|Any CPU.Build.0 = Release|Any CPU
		{AFD018BD-1382-4116-B4E1-B33EBB0A052A}.Debug|Any CPU.ActiveCfg = Debug|Any CPU
		{AFD018BD-1382-4116-B4E1-B33EBB0A052A}.Debug|Any CPU.Build.0 = Debug|Any CPU
		{AFD018BD-1382-4116-B4E1-B33EBB0A052A}.Release|Any CPU.ActiveCfg = Release|Any CPU
		{AFD018BD-1382-4116-B4E1-B33EBB0A052A}.Release|Any CPU.Build.0 = Release|Any CPU
		{E18E9389-C662-4F44-AA34-EFB7D1DF84D3}.Debug|Any CPU.ActiveCfg = Debug|Any CPU
		{E18E9389-C662-4F44-AA34-EFB7D1DF84D3}.Debug|Any CPU.Build.0 = Debug|Any CPU
		{E18E9389-C662-4F44-AA34-EFB7D1DF84D3}.Release|Any CPU.ActiveCfg = Release|Any CPU
		{E18E9389-C662-4F44-AA34-EFB7D1DF84D3}.Release|Any CPU.Build.0 = Release|Any CPU
	EndGlobalSection
	GlobalSection(SolutionProperties) = preSolution
		HideSolutionNode = FALSE
	EndGlobalSection
	GlobalSection(ExtensibilityGlobals) = postSolution
		SolutionGuid = {CF90052C-3CA6-494A-9F26-0FBBFCDC484D}
	EndGlobalSection
EndGlobal
